
Microsoft Visual Studio Solution File, Format Version 12.00
# Visual Studio 2013
VisualStudioVersion = 12.0.30723.0
MinimumVisualStudioVersion = 10.0.40219.1
Project("{FAE04EC0-301F-11D3-BF4B-00C04F79EFBC}") = "ConsoleClient", "ConsoleApplication1\ConsoleClient.csproj", "{6C976BB6-8318-41A3-82E7-ACFE8FA514EA}"
EndProject
Project("{FAE04EC0-301F-11D3-BF4B-00C04F79EFBC}") = "CompanyEntities", "CompanyEntities\CompanyEntities.csproj", "{C7443FF2-4D30-4E6D-AC04-6F6AA55BB6DF}"
EndProject
Project("{FAE04EC0-301F-11D3-BF4B-00C04F79EFBC}") = "SampleDataSeeders", "SampleDataSeeders\SampleDataSeeders.csproj", "{D80D5445-FD68-4C72-B929-44C8B1BFE482}"
EndProject
Global
	GlobalSection(SolutionConfigurationPlatforms) = preSolution
		Debug|Any CPU = Debug|Any CPU
		Release|Any CPU = Release|Any CPU
	EndGlobalSection
	GlobalSection(ProjectConfigurationPlatforms) = postSolution
		{6C976BB6-8318-41A3-82E7-ACFE8FA514EA}.Debug|Any CPU.ActiveCfg = Debug|Any CPU
		{6C976BB6-8318-41A3-82E7-ACFE8FA514EA}.Debug|Any CPU.Build.0 = Debug|Any CPU
		{6C976BB6-8318-41A3-82E7-ACFE8FA514EA}.Release|Any CPU.ActiveCfg = Release|Any CPU
		{6C976BB6-8318-41A3-82E7-ACFE8FA514EA}.Release|Any CPU.Build.0 = Release|Any CPU
		{C7443FF2-4D30-4E6D-AC04-6F6AA55BB6DF}.Debug|Any CPU.ActiveCfg = Debug|Any CPU
		{C7443FF2-4D30-4E6D-AC04-6F6AA55BB6DF}.Debug|Any CPU.Build.0 = Debug|Any CPU
		{C7443FF2-4D30-4E6D-AC04-6F6AA55BB6DF}.Release|Any CPU.ActiveCfg = Release|Any CPU
		{C7443FF2-4D30-4E6D-AC04-6F6AA55BB6DF}.Release|Any CPU.Build.0 = Release|Any CPU
		{D80D5445-FD68-4C72-B929-44C8B1BFE482}.Debug|Any CPU.ActiveCfg = Debug|Any CPU
		{D80D5445-FD68-4C72-B929-44C8B1BFE482}.Debug|Any CPU.Build.0 = Debug|Any CPU
		{D80D5445-FD68-4C72-B929-44C8B1BFE482}.Release|Any CPU.ActiveCfg = Release|Any CPU
		{D80D5445-FD68-4C72-B929-44C8B1BFE482}.Release|Any CPU.Build.0 = Release|Any CPU
	EndGlobalSection
	GlobalSection(SolutionProperties) = preSolution
		HideSolutionNode = FALSE
	EndGlobalSection
EndGlobal
