
Microsoft Visual Studio Solution File, Format Version 12.00
# Visual Studio Express 2013 for Web
VisualStudioVersion = 12.0.30723.0
MinimumVisualStudioVersion = 10.0.40219.1
Project("{FAE04EC0-301F-11D3-BF4B-00C04F79EFBC}") = "01. NorthwindEmployeesAndOrders", "01. NorthwindEmployeesAndOrders\01. NorthwindEmployeesAndOrders.csproj", "{7BC36338-5AC5-4917-8A93-A9D895861599}"
EndProject
Project("{FAE04EC0-301F-11D3-BF4B-00C04F79EFBC}") = "02.AjaxChat", "02.AjaxChat\02.AjaxChat.csproj", "{F54B41D0-F666-4AB0-8784-A57D64352091}"
EndProject
Project("{FAE04EC0-301F-11D3-BF4B-00C04F79EFBC}") = "03.AjaxPhotoAlbum", "03.AjaxPhotoAlbum\03.AjaxPhotoAlbum.csproj", "{CCA1E832-B8E0-4BC8-B30F-9E39CD337408}"
EndProject
Project("{2150E333-8FDC-42A3-9474-1A3956D46DE8}") = ".nuget", ".nuget", "{5B4E48DE-CD08-489E-9520-62AC7836BB51}"
	ProjectSection(SolutionItems) = preProject
		.nuget\NuGet.Config = .nuget\NuGet.Config
		.nuget\NuGet.exe = .nuget\NuGet.exe
		.nuget\NuGet.targets = .nuget\NuGet.targets
	EndProjectSection
EndProject
Global
	GlobalSection(SolutionConfigurationPlatforms) = preSolution
		Debug|Any CPU = Debug|Any CPU
		Release|Any CPU = Release|Any CPU
	EndGlobalSection
	GlobalSection(ProjectConfigurationPlatforms) = postSolution
		{7BC36338-5AC5-4917-8A93-A9D895861599}.Debug|Any CPU.ActiveCfg = Debug|Any CPU
		{7BC36338-5AC5-4917-8A93-A9D895861599}.Debug|Any CPU.Build.0 = Debug|Any CPU
		{7BC36338-5AC5-4917-8A93-A9D895861599}.Release|Any CPU.ActiveCfg = Release|Any CPU
		{7BC36338-5AC5-4917-8A93-A9D895861599}.Release|Any CPU.Build.0 = Release|Any CPU
		{F54B41D0-F666-4AB0-8784-A57D64352091}.Debug|Any CPU.ActiveCfg = Debug|Any CPU
		{F54B41D0-F666-4AB0-8784-A57D64352091}.Debug|Any CPU.Build.0 = Debug|Any CPU
		{F54B41D0-F666-4AB0-8784-A57D64352091}.Release|Any CPU.ActiveCfg = Release|Any CPU
		{F54B41D0-F666-4AB0-8784-A57D64352091}.Release|Any CPU.Build.0 = Release|Any CPU
		{CCA1E832-B8E0-4BC8-B30F-9E39CD337408}.Debug|Any CPU.ActiveCfg = Debug|Any CPU
		{CCA1E832-B8E0-4BC8-B30F-9E39CD337408}.Debug|Any CPU.Build.0 = Debug|Any CPU
		{CCA1E832-B8E0-4BC8-B30F-9E39CD337408}.Release|Any CPU.ActiveCfg = Release|Any CPU
		{CCA1E832-B8E0-4BC8-B30F-9E39CD337408}.Release|Any CPU.Build.0 = Release|Any CPU
	EndGlobalSection
	GlobalSection(SolutionProperties) = preSolution
		HideSolutionNode = FALSE
	EndGlobalSection
EndGlobal
