
Microsoft Visual Studio Solution File, Format Version 12.00
# Visual Studio 2013
VisualStudioVersion = 12.0.30723.0
MinimumVisualStudioVersion = 10.0.40219.1
Project("{FAE04EC0-301F-11D3-BF4B-00C04F79EFBC}") = "01. BinaryPasswords", "01. BinaryPasswords\01. BinaryPasswords.csproj", "{84D8AA62-7E11-440E-AA16-81AC9AD30711}"
EndProject
Project("{FAE04EC0-301F-11D3-BF4B-00C04F79EFBC}") = "02. ColorfulBunnies", "02. ColorfulBunnies\02. ColorfulBunnies.csproj", "{EEC4E5FC-9BCB-40DE-A4E7-259B3B646A94}"
EndProject
Global
	GlobalSection(SolutionConfigurationPlatforms) = preSolution
		Debug|Any CPU = Debug|Any CPU
		Release|Any CPU = Release|Any CPU
	EndGlobalSection
	GlobalSection(ProjectConfigurationPlatforms) = postSolution
		{84D8AA62-7E11-440E-AA16-81AC9AD30711}.Debug|Any CPU.ActiveCfg = Debug|Any CPU
		{84D8AA62-7E11-440E-AA16-81AC9AD30711}.Debug|Any CPU.Build.0 = Debug|Any CPU
		{84D8AA62-7E11-440E-AA16-81AC9AD30711}.Release|Any CPU.ActiveCfg = Release|Any CPU
		{84D8AA62-7E11-440E-AA16-81AC9AD30711}.Release|Any CPU.Build.0 = Release|Any CPU
		{EEC4E5FC-9BCB-40DE-A4E7-259B3B646A94}.Debug|Any CPU.ActiveCfg = Debug|Any CPU
		{EEC4E5FC-9BCB-40DE-A4E7-259B3B646A94}.Debug|Any CPU.Build.0 = Debug|Any CPU
		{EEC4E5FC-9BCB-40DE-A4E7-259B3B646A94}.Release|Any CPU.ActiveCfg = Release|Any CPU
		{EEC4E5FC-9BCB-40DE-A4E7-259B3B646A94}.Release|Any CPU.Build.0 = Release|Any CPU
	EndGlobalSection
	GlobalSection(SolutionProperties) = preSolution
		HideSolutionNode = FALSE
	EndGlobalSection
EndGlobal
