
Microsoft Visual Studio Solution File, Format Version 12.00
# Visual Studio 2013
VisualStudioVersion = 12.0.30723.0
MinimumVisualStudioVersion = 10.0.40219.1
Project("{FAE04EC0-301F-11D3-BF4B-00C04F79EFBC}") = "CarsModel", "CarsModel\CarsModel.csproj", "{7BA7B075-1F43-419F-BE9F-A89217150C2A}"
EndProject
Project("{FAE04EC0-301F-11D3-BF4B-00C04F79EFBC}") = "ConsoleClient", "ConsoleClient\ConsoleClient.csproj", "{44AA4B35-6843-4B43-97F9-5A362AA47727}"
EndProject
Global
	GlobalSection(SolutionConfigurationPlatforms) = preSolution
		Debug|Any CPU = Debug|Any CPU
		Release|Any CPU = Release|Any CPU
	EndGlobalSection
	GlobalSection(ProjectConfigurationPlatforms) = postSolution
		{7BA7B075-1F43-419F-BE9F-A89217150C2A}.Debug|Any CPU.ActiveCfg = Debug|Any CPU
		{7BA7B075-1F43-419F-BE9F-A89217150C2A}.Debug|Any CPU.Build.0 = Debug|Any CPU
		{7BA7B075-1F43-419F-BE9F-A89217150C2A}.Release|Any CPU.ActiveCfg = Release|Any CPU
		{7BA7B075-1F43-419F-BE9F-A89217150C2A}.Release|Any CPU.Build.0 = Release|Any CPU
		{44AA4B35-6843-4B43-97F9-5A362AA47727}.Debug|Any CPU.ActiveCfg = Debug|Any CPU
		{44AA4B35-6843-4B43-97F9-5A362AA47727}.Debug|Any CPU.Build.0 = Debug|Any CPU
		{44AA4B35-6843-4B43-97F9-5A362AA47727}.Release|Any CPU.ActiveCfg = Release|Any CPU
		{44AA4B35-6843-4B43-97F9-5A362AA47727}.Release|Any CPU.Build.0 = Release|Any CPU
	EndGlobalSection
	GlobalSection(SolutionProperties) = preSolution
		HideSolutionNode = FALSE
	EndGlobalSection
EndGlobal
